%{"connection": {:hex, :connection, "1.0.2"},
  "dialyze": {:hex, :dialyze, "0.2.1"},
  "ex_doc": {:hex, :ex_doc, "0.11.5"},
  "hoedown": {:git, "https://github.com/hoedown/hoedown.git", "980b9c549b4348d50b683ecee6abee470b98acda", []},
  "markdown": {:git, "https://github.com/devinus/markdown.git", "9b3beaf69a9b9c6450526c41d591a94d2eedf1e8", []},
  "sbroker": {:hex, :sbroker, "1.0.0-beta.2"}}
